<Solution>
  <Folder Name="/src/" />
  <Folder Name="/src/BuildingBlocks/">
    <Project Path="src/BuildingBlocks/BuildingBlocks.Caching/BuildingBlocks.Caching.csproj" />
    <Project Path="src/BuildingBlocks/BuildingBlocks.Core/BuildingBlocks.Core.csproj" />
    <Project Path="src/BuildingBlocks/BuildingBlocks.Messaging/BuildingBlocks.Messaging.csproj" />
    <Project Path="src/BuildingBlocks/BuildingBlocks.Persistence/BuildingBlocks.Persistence.csproj" />
    <Project Path="src/BuildingBlocks/BuildingBlocks.Web/BuildingBlocks.Web.csproj" />
  </Folder>
  <Folder Name="/src/Services/">
    <Project Path="src/Services/CustomerService/CustomerService.csproj" />
    <Project Path="src/Services/InventoryService/InventoryService.csproj" />
    <Project Path="src/Services/NotificationService/NotificationService.csproj" />
    <Project Path="src/Services/OrderService/OrderService.csproj" />
    <Project Path="src/Services/PaymentService/PaymentService.csproj" />
    <Project Path="src/Services/ProductService/ProductService.csproj" />
  </Folder>
  <Folder Name="/tests/">
    <Project Path="tests/CustomerService.Tests/CustomerService.Tests.csproj" />
    <Project Path="tests/InventoryService.Tests/InventoryService.Tests.csproj" />
    <Project Path="tests/NotificationService.Tests/NotificationService.Tests.csproj" />
    <Project Path="tests/OrderService.Tests/OrderService.Tests.csproj" />
    <Project Path="tests/PaymentService.Tests/PaymentService.Tests.csproj" />
    <Project Path="tests/ProductService.Tests/ProductService.Tests.csproj" />
  </Folder>
</Solution>
